// !$*UTF8*$!
{
	archiveVersion = 1;
	classes = {
	};
	objectVersion = 46;
	objects = {

/* Begin PBXBuildFile section */
		CE2C60051A1CD64C00E05BDF /* main.m in Sources */ = {isa = PBXBuildFile; fileRef = CE2C60041A1CD64C00E05BDF /* main.m */; };
		CE2C60081A1CD64C00E05BDF /* AppDelegate.m in Sources */ = {isa = PBXBuildFile; fileRef = CE2C60071A1CD64C00E05BDF /* AppDelegate.m */; };
		CE2C600B1A1CD64C00E05BDF /* ViewController.m in Sources */ = {isa = PBXBuildFile; fileRef = CE2C600A1A1CD64C00E05BDF /* ViewController.m */; };
		CE2C600E1A1CD64C00E05BDF /* Main.storyboard in Resources */ = {isa = PBXBuildFile; fileRef = CE2C600C1A1CD64C00E05BDF /* Main.storyboard */; };
		CE2C60101A1CD64C00E05BDF /* Images.xcassets in Resources */ = {isa = PBXBuildFile; fileRef = CE2C600F1A1CD64C00E05BDF /* Images.xcassets */; };
		CE2C60131A1CD64C00E05BDF /* LaunchScreen.xib in Resources */ = {isa = PBXBuildFile; fileRef = CE2C60111A1CD64C00E05BDF /* LaunchScreen.xib */; };
		CE2C601F1A1CD64D00E05BDF /* Man_s_besr_friendTests.m in Sources */ = {isa = PBXBuildFile; fileRef = CE2C601E1A1CD64D00E05BDF /* Man_s_besr_friendTests.m */; };
		CE2C602A1A1CD6E300E05BDF /* MBFDog.m in Sources */ = {isa = PBXBuildFile; fileRef = CE2C60291A1CD6E300E05BDF /* MBFDog.m */; };
		CE667AB51A21D48400A0AC1B /* Bo.jpg in Resources */ = {isa = PBXBuildFile; fileRef = CE667AB01A21D48400A0AC1B /* Bo.jpg */; };
		CE667AB61A21D48400A0AC1B /* BorderCollie.jpg in Resources */ = {isa = PBXBuildFile; fileRef = CE667AB11A21D48400A0AC1B /* BorderCollie.jpg */; };
		CE667AB71A21D48400A0AC1B /* ItalianGreyhound.jpg in Resources */ = {isa = PBXBuildFile; fileRef = CE667AB21A21D48400A0AC1B /* ItalianGreyhound.jpg */; };
		CE667AB81A21D48400A0AC1B /* JRT.jpg in Resources */ = {isa = PBXBuildFile; fileRef = CE667AB31A21D48400A0AC1B /* JRT.jpg */; };
		CE667AB91A21D48400A0AC1B /* St.Bernard.JPG in Resources */ = {isa = PBXBuildFile; fileRef = CE667AB41A21D48400A0AC1B /* St.Bernard.JPG */; };
		CE667ABC1A21F64C00A0AC1B /* MBFPupy.m in Sources */ = {isa = PBXBuildFile; fileRef = CE667ABB1A21F64C00A0AC1B /* MBFPupy.m */; };
/* End PBXBuildFile section */

/* Begin PBXContainerItemProxy section */
		CE2C60191A1CD64D00E05BDF /* PBXContainerItemProxy */ = {
			isa = PBXContainerItemProxy;
			containerPortal = CE2C5FF71A1CD64C00E05BDF /* Project object */;
			proxyType = 1;
			remoteGlobalIDString = CE2C5FFE1A1CD64C00E05BDF;
			remoteInfo = "Man's besr friend";
		};
/* End PBXContainerItemProxy section */

/* Begin PBXFileReference section */
		CE2C5FFF1A1CD64C00E05BDF /* Man's besr friend.app */ = {isa = PBXFileReference; explicitFileType = wrapper.application; includeInIndex = 0; path = "Man's besr friend.app"; sourceTree = BUILT_PRODUCTS_DIR; };
		CE2C60031A1CD64C00E05BDF /* Info.plist */ = {isa = PBXFileReference; lastKnownFileType = text.plist.xml; path = Info.plist; sourceTree = "<group>"; };
		CE2C60041A1CD64C00E05BDF /* main.m */ = {isa = PBXFileReference; lastKnownFileType = sourcecode.c.objc; path = main.m; sourceTree = "<group>"; };
		CE2C60061A1CD64C00E05BDF /* AppDelegate.h */ = {isa = PBXFileReference; lastKnownFileType = sourcecode.c.h; path = AppDelegate.h; sourceTree = "<group>"; };
		CE2C60071A1CD64C00E05BDF /* AppDelegate.m */ = {isa = PBXFileReference; lastKnownFileType = sourcecode.c.objc; path = AppDelegate.m; sourceTree = "<group>"; };
		CE2C60091A1CD64C00E05BDF /* ViewController.h */ = {isa = PBXFileReference; lastKnownFileType = sourcecode.c.h; path = ViewController.h; sourceTree = "<group>"; };
		CE2C600A1A1CD64C00E05BDF /* ViewController.m */ = {isa = PBXFileReference; lastKnownFileType = sourcecode.c.objc; path = ViewController.m; sourceTree = "<group>"; };
		CE2C600D1A1CD64C00E05BDF /* Base */ = {isa = PBXFileReference; lastKnownFileType = file.storyboard; name = Base; path = Base.lproj/Main.storyboard; sourceTree = "<group>"; };
		CE2C600F1A1CD64C00E05BDF /* Images.xcassets */ = {isa = PBXFileReference; lastKnownFileType = folder.assetcatalog; path = Images.xcassets; sourceTree = "<group>"; };
		CE2C60121A1CD64C00E05BDF /* Base */ = {isa = PBXFileReference; lastKnownFileType = file.xib; name = Base; path = Base.lproj/LaunchScreen.xib; sourceTree = "<group>"; };
		CE2C60181A1CD64D00E05BDF /* Man's besr friendTests.xctest */ = {isa = PBXFileReference; explicitFileType = wrapper.cfbundle; includeInIndex = 0; path = "Man's besr friendTests.xctest"; sourceTree = BUILT_PRODUCTS_DIR; };
		CE2C601D1A1CD64D00E05BDF /* Info.plist */ = {isa = PBXFileReference; lastKnownFileType = text.plist.xml; path = Info.plist; sourceTree = "<group>"; };
		CE2C601E1A1CD64D00E05BDF /* Man_s_besr_friendTests.m */ = {isa = PBXFileReference; lastKnownFileType = sourcecode.c.objc; path = Man_s_besr_friendTests.m; sourceTree = "<group>"; };
		CE2C60281A1CD6E300E05BDF /* MBFDog.h */ = {isa = PBXFileReference; fileEncoding = 4; lastKnownFileType = sourcecode.c.h; path = MBFDog.h; sourceTree = "<group>"; };
		CE2C60291A1CD6E300E05BDF /* MBFDog.m */ = {isa = PBXFileReference; fileEncoding = 4; lastKnownFileType = sourcecode.c.objc; path = MBFDog.m; sourceTree = "<group>"; };
		CE667AB01A21D48400A0AC1B /* Bo.jpg */ = {isa = PBXFileReference; lastKnownFileType = image.jpeg; name = Bo.jpg; path = ../Bo.jpg; sourceTree = "<group>"; };
		CE667AB11A21D48400A0AC1B /* BorderCollie.jpg */ = {isa = PBXFileReference; lastKnownFileType = image.jpeg; name = BorderCollie.jpg; path = ../BorderCollie.jpg; sourceTree = "<group>"; };
		CE667AB21A21D48400A0AC1B /* ItalianGreyhound.jpg */ = {isa = PBXFileReference; lastKnownFileType = image.jpeg; name = ItalianGreyhound.jpg; path = ../ItalianGreyhound.jpg; sourceTree = "<group>"; };
		CE667AB31A21D48400A0AC1B /* JRT.jpg */ = {isa = PBXFileReference; lastKnownFileType = image.jpeg; name = JRT.jpg; path = ../JRT.jpg; sourceTree = "<group>"; };
		CE667AB41A21D48400A0AC1B /* St.Bernard.JPG */ = {isa = PBXFileReference; lastKnownFileType = image.jpeg; name = St.Bernard.JPG; path = ../St.Bernard.JPG; sourceTree = "<group>"; };
		CE667ABA1A21F64C00A0AC1B /* MBFPupy.h */ = {isa = PBXFileReference; fileEncoding = 4; lastKnownFileType = sourcecode.c.h; path = MBFPupy.h; sourceTree = "<group>"; };
		CE667ABB1A21F64C00A0AC1B /* MBFPupy.m */ = {isa = PBXFileReference; fileEncoding = 4; lastKnownFileType = sourcecode.c.objc; path = MBFPupy.m; sourceTree = "<group>"; };
/* End PBXFileReference section */

/* Begin PBXFrameworksBuildPhase section */
		CE2C5FFC1A1CD64C00E05BDF /* Frameworks */ = {
			isa = PBXFrameworksBuildPhase;
			buildActionMask = 2147483647;
			files = (
			);
			runOnlyForDeploymentPostprocessing = 0;
		};
		CE2C60151A1CD64D00E05BDF /* Frameworks */ = {
			isa = PBXFrameworksBuildPhase;
			buildActionMask = 2147483647;
			files = (
			);
			runOnlyForDeploymentPostprocessing = 0;
		};
/* End PBXFrameworksBuildPhase section */

/* Begin PBXGroup section */
		CE2C5FF61A1CD64C00E05BDF = {
			isa = PBXGroup;
			children = (
				CE2C60011A1CD64C00E05BDF /* Man's besr friend */,
				CE2C601B1A1CD64D00E05BDF /* Man's besr friendTests */,
				CE2C60001A1CD64C00E05BDF /* Products */,
			);
			sourceTree = "<group>";
		};
		CE2C60001A1CD64C00E05BDF /* Products */ = {
			isa = PBXGroup;
			children = (
				CE2C5FFF1A1CD64C00E05BDF /* Man's besr friend.app */,
				CE2C60181A1CD64D00E05BDF /* Man's besr friendTests.xctest */,
			);
			name = Products;
			sourceTree = "<group>";
		};
		CE2C60011A1CD64C00E05BDF /* Man's besr friend */ = {
			isa = PBXGroup;
			children = (
				CE2C60061A1CD64C00E05BDF /* AppDelegate.h */,
				CE2C60071A1CD64C00E05BDF /* AppDelegate.m */,
				CE2C60091A1CD64C00E05BDF /* ViewController.h */,
				CE2C600A1A1CD64C00E05BDF /* ViewController.m */,
				CE2C60281A1CD6E300E05BDF /* MBFDog.h */,
				CE2C60291A1CD6E300E05BDF /* MBFDog.m */,
				CE667ABA1A21F64C00A0AC1B /* MBFPupy.h */,
				CE667ABB1A21F64C00A0AC1B /* MBFPupy.m */,
				CE2C600C1A1CD64C00E05BDF /* Main.storyboard */,
				CE2C600F1A1CD64C00E05BDF /* Images.xcassets */,
				CE2C60111A1CD64C00E05BDF /* LaunchScreen.xib */,
				CE2C60021A1CD64C00E05BDF /* Supporting Files */,
			);
			path = "Man's besr friend";
			sourceTree = "<group>";
		};
		CE2C60021A1CD64C00E05BDF /* Supporting Files */ = {
			isa = PBXGroup;
			children = (
				CE667AB01A21D48400A0AC1B /* Bo.jpg */,
				CE667AB11A21D48400A0AC1B /* BorderCollie.jpg */,
				CE667AB21A21D48400A0AC1B /* ItalianGreyhound.jpg */,
				CE667AB31A21D48400A0AC1B /* JRT.jpg */,
				CE667AB41A21D48400A0AC1B /* St.Bernard.JPG */,
				CE2C60031A1CD64C00E05BDF /* Info.plist */,
				CE2C60041A1CD64C00E05BDF /* main.m */,
			);
			name = "Supporting Files";
			sourceTree = "<group>";
		};
		CE2C601B1A1CD64D00E05BDF /* Man's besr friendTests */ = {
			isa = PBXGroup;
			children = (
				CE2C601E1A1CD64D00E05BDF /* Man_s_besr_friendTests.m */,
				CE2C601C1A1CD64D00E05BDF /* Supporting Files */,
			);
			path = "Man's besr friendTests";
			sourceTree = "<group>";
		};
		CE2C601C1A1CD64D00E05BDF /* Supporting Files */ = {
			isa = PBXGroup;
			children = (
				CE2C601D1A1CD64D00E05BDF /* Info.plist */,
			);
			name = "Supporting Files";
			sourceTree = "<group>";
		};
/* End PBXGroup section */

/* Begin PBXNativeTarget section */
		CE2C5FFE1A1CD64C00E05BDF /* Man's besr friend */ = {
			isa = PBXNativeTarget;
			buildConfigurationList = CE2C60221A1CD64D00E05BDF /* Build configuration list for PBXNativeTarget "Man's besr friend" */;
			buildPhases = (
				CE2C5FFB1A1CD64C00E05BDF /* Sources */,
				CE2C5FFC1A1CD64C00E05BDF /* Frameworks */,
				CE2C5FFD1A1CD64C00E05BDF /* Resources */,
			);
			buildRules = (
			);
			dependencies = (
			);
			name = "Man's besr friend";
			productName = "Man's besr friend";
			productReference = CE2C5FFF1A1CD64C00E05BDF /* Man's besr friend.app */;
			productType = "com.apple.product-type.application";
		};
		CE2C60171A1CD64D00E05BDF /* Man's besr friendTests */ = {
			isa = PBXNativeTarget;
			buildConfigurationList = CE2C60251A1CD64D00E05BDF /* Build configuration list for PBXNativeTarget "Man's besr friendTests" */;
			buildPhases = (
				CE2C60141A1CD64D00E05BDF /* Sources */,
				CE2C60151A1CD64D00E05BDF /* Frameworks */,
				CE2C60161A1CD64D00E05BDF /* Resources */,
			);
			buildRules = (
			);
			dependencies = (
				CE2C601A1A1CD64D00E05BDF /* PBXTargetDependency */,
			);
			name = "Man's besr friendTests";
			productName = "Man's besr friendTests";
			productReference = CE2C60181A1CD64D00E05BDF /* Man's besr friendTests.xctest */;
			productType = "com.apple.product-type.bundle.unit-test";
		};
/* End PBXNativeTarget section */

/* Begin PBXProject section */
		CE2C5FF71A1CD64C00E05BDF /* Project object */ = {
			isa = PBXProject;
			attributes = {
				LastUpgradeCheck = 0610;
				ORGANIZATIONNAME = "Itamar Nakar";
				TargetAttributes = {
					CE2C5FFE1A1CD64C00E05BDF = {
						CreatedOnToolsVersion = 6.1;
					};
					CE2C60171A1CD64D00E05BDF = {
						CreatedOnToolsVersion = 6.1;
						TestTargetID = CE2C5FFE1A1CD64C00E05BDF;
					};
				};
			};
			buildConfigurationList = CE2C5FFA1A1CD64C00E05BDF /* Build configuration list for PBXProject "Man's besr friend" */;
			compatibilityVersion = "Xcode 3.2";
			developmentRegion = English;
			hasScannedForEncodings = 0;
			knownRegions = (
				en,
				Base,
			);
			mainGroup = CE2C5FF61A1CD64C00E05BDF;
			productRefGroup = CE2C60001A1CD64C00E05BDF /* Products */;
			projectDirPath = "";
			projectRoot = "";
			targets = (
				CE2C5FFE1A1CD64C00E05BDF /* Man's besr friend */,
				CE2C60171A1CD64D00E05BDF /* Man's besr friendTests */,
			);
		};
/* End PBXProject section */

/* Begin PBXResourcesBuildPhase section */
		CE2C5FFD1A1CD64C00E05BDF /* Resources */ = {
			isa = PBXResourcesBuildPhase;
			buildActionMask = 2147483647;
			files = (
				CE667AB51A21D48400A0AC1B /* Bo.jpg in Resources */,
				CE2C600E1A1CD64C00E05BDF /* Main.storyboard in Resources */,
				CE2C60131A1CD64C00E05BDF /* LaunchScreen.xib in Resources */,
				CE2C60101A1CD64C00E05BDF /* Images.xcassets in Resources */,
				CE667AB91A21D48400A0AC1B /* St.Bernard.JPG in Resources */,
				CE667AB61A21D48400A0AC1B /* BorderCollie.jpg in Resources */,
				CE667AB81A21D48400A0AC1B /* JRT.jpg in Resources */,
				CE667AB71A21D48400A0AC1B /* ItalianGreyhound.jpg in Resources */,
			);
			runOnlyForDeploymentPostprocessing = 0;
		};
		CE2C60161A1CD64D00E05BDF /* Resources */ = {
			isa = PBXResourcesBuildPhase;
			buildActionMask = 2147483647;
			files = (
			);
			runOnlyForDeploymentPostprocessing = 0;
		};
/* End PBXResourcesBuildPhase section */

/* Begin PBXSourcesBuildPhase section */
		CE2C5FFB1A1CD64C00E05BDF /* Sources */ = {
			isa = PBXSourcesBuildPhase;
			buildActionMask = 2147483647;
			files = (
				CE2C600B1A1CD64C00E05BDF /* ViewController.m in Sources */,
				CE2C60081A1CD64C00E05BDF /* AppDelegate.m in Sources */,
				CE2C602A1A1CD6E300E05BDF /* MBFDog.m in Sources */,
				CE2C60051A1CD64C00E05BDF /* main.m in Sources */,
				CE667ABC1A21F64C00A0AC1B /* MBFPupy.m in Sources */,
			);
			runOnlyForDeploymentPostprocessing = 0;
		};
		CE2C60141A1CD64D00E05BDF /* Sources */ = {
			isa = PBXSourcesBuildPhase;
			buildActionMask = 2147483647;
			files = (
				CE2C601F1A1CD64D00E05BDF /* Man_s_besr_friendTests.m in Sources */,
			);
			runOnlyForDeploymentPostprocessing = 0;
		};
/* End PBXSourcesBuildPhase section */

/* Begin PBXTargetDependency section */
		CE2C601A1A1CD64D00E05BDF /* PBXTargetDependency */ = {
			isa = PBXTargetDependency;
			target = CE2C5FFE1A1CD64C00E05BDF /* Man's besr friend */;
			targetProxy = CE2C60191A1CD64D00E05BDF /* PBXContainerItemProxy */;
		};
/* End PBXTargetDependency section */

/* Begin PBXVariantGroup section */
		CE2C600C1A1CD64C00E05BDF /* Main.storyboard */ = {
			isa = PBXVariantGroup;
			children = (
				CE2C600D1A1CD64C00E05BDF /* Base */,
			);
			name = Main.storyboard;
			sourceTree = "<group>";
		};
		CE2C60111A1CD64C00E05BDF /* LaunchScreen.xib */ = {
			isa = PBXVariantGroup;
			children = (
				CE2C60121A1CD64C00E05BDF /* Base */,
			);
			name = LaunchScreen.xib;
			sourceTree = "<group>";
		};
/* End PBXVariantGroup section */

/* Begin XCBuildConfiguration section */
		CE2C60201A1CD64D00E05BDF /* Debug */ = {
			isa = XCBuildConfiguration;
			buildSettings = {
				ALWAYS_SEARCH_USER_PATHS = NO;
				CLANG_CXX_LANGUAGE_STANDARD = "gnu++0x";
				CLANG_CXX_LIBRARY = "libc++";
				CLANG_ENABLE_MODULES = YES;
				CLANG_ENABLE_OBJC_ARC = YES;
				CLANG_WARN_BOOL_CONVERSION = YES;
				CLANG_WARN_CONSTANT_CONVERSION = YES;
				CLANG_WARN_DIRECT_OBJC_ISA_USAGE = YES_ERROR;
				CLANG_WARN_EMPTY_BODY = YES;
				CLANG_WARN_ENUM_CONVERSION = YES;
				CLANG_WARN_INT_CONVERSION = YES;
				CLANG_WARN_OBJC_ROOT_CLASS = YES_ERROR;
				CLANG_WARN_UNREACHABLE_CODE = YES;
				CLANG_WARN__DUPLICATE_METHOD_MATCH = YES;
				"CODE_SIGN_IDENTITY[sdk=iphoneos*]" = "iPhone Developer";
				COPY_PHASE_STRIP = NO;
				ENABLE_STRICT_OBJC_MSGSEND = YES;
				GCC_C_LANGUAGE_STANDARD = gnu99;
				GCC_DYNAMIC_NO_PIC = NO;
				GCC_OPTIMIZATION_LEVEL = 0;
				GCC_PREPROCESSOR_DEFINITIONS = (
					"DEBUG=1",
					"$(inherited)",
				);
				GCC_SYMBOLS_PRIVATE_EXTERN = NO;
				GCC_WARN_64_TO_32_BIT_CONVERSION = YES;
				GCC_WARN_ABOUT_RETURN_TYPE = YES_ERROR;
				GCC_WARN_UNDECLARED_SELECTOR = YES;
				GCC_WARN_UNINITIALIZED_AUTOS = YES_AGGRESSIVE;
				GCC_WARN_UNUSED_FUNCTION = YES;
				GCC_WARN_UNUSED_VARIABLE = YES;
				IPHONEOS_DEPLOYMENT_TARGET = 8.1;
				MTL_ENABLE_DEBUG_INFO = YES;
				ONLY_ACTIVE_ARCH = YES;
				SDKROOT = iphoneos;
			};
			name = Debug;
		};
		CE2C60211A1CD64D00E05BDF /* Release */ = {
			isa = XCBuildConfiguration;
			buildSettings = {
				ALWAYS_SEARCH_USER_PATHS = NO;
				CLANG_CXX_LANGUAGE_STANDARD = "gnu++0x";
				CLANG_CXX_LIBRARY = "libc++";
				CLANG_ENABLE_MODULES = YES;
				CLANG_ENABLE_OBJC_ARC = YES;
				CLANG_WARN_BOOL_CONVERSION = YES;
				CLANG_WARN_CONSTANT_CONVERSION = YES;
				CLANG_WARN_DIRECT_OBJC_ISA_USAGE = YES_ERROR;
				CLANG_WARN_EMPTY_BODY = YES;
				CLANG_WARN_ENUM_CONVERSION = YES;
				CLANG_WARN_INT_CONVERSION = YES;
				CLANG_WARN_OBJC_ROOT_CLASS = YES_ERROR;
				CLANG_WARN_UNREACHABLE_CODE = YES;
				CLANG_WARN__DUPLICATE_METHOD_MATCH = YES;
				"CODE_SIGN_IDENTITY[sdk=iphoneos*]" = "iPhone Developer";
				COPY_PHASE_STRIP = YES;
				ENABLE_NS_ASSERTIONS = NO;
				ENABLE_STRICT_OBJC_MSGSEND = YES;
				GCC_C_LANGUAGE_STANDARD = gnu99;
				GCC_WARN_64_TO_32_BIT_CONVERSION = YES;
				GCC_WARN_ABOUT_RETURN_TYPE = YES_ERROR;
				GCC_WARN_UNDECLARED_SELECTOR = YES;
				GCC_WARN_UNINITIALIZED_AUTOS = YES_AGGRESSIVE;
				GCC_WARN_UNUSED_FUNCTION = YES;
				GCC_WARN_UNUSED_VARIABLE = YES;
				IPHONEOS_DEPLOYMENT_TARGET = 8.1;
				MTL_ENABLE_DEBUG_INFO = NO;
				SDKROOT = iphoneos;
				VALIDATE_PRODUCT = YES;
			};
			name = Release;
		};
		CE2C60231A1CD64D00E05BDF /* Debug */ = {
			isa = XCBuildConfiguration;
			buildSettings = {
				ASSETCATALOG_COMPILER_APPICON_NAME = AppIcon;
				INFOPLIST_FILE = "Man's besr friend/Info.plist";
				LD_RUNPATH_SEARCH_PATHS = "$(inherited) @executable_path/Frameworks";
				PRODUCT_NAME = "$(TARGET_NAME)";
			};
			name = Debug;
		};
		CE2C60241A1CD64D00E05BDF /* Release */ = {
			isa = XCBuildConfiguration;
			buildSettings = {
				ASSETCATALOG_COMPILER_APPICON_NAME = AppIcon;
				INFOPLIST_FILE = "Man's besr friend/Info.plist";
				LD_RUNPATH_SEARCH_PATHS = "$(inherited) @executable_path/Frameworks";
				PRODUCT_NAME = "$(TARGET_NAME)";
			};
			name = Release;
		};
		CE2C60261A1CD64D00E05BDF /* Debug */ = {
			isa = XCBuildConfiguration;
			buildSettings = {
				BUNDLE_LOADER = "$(TEST_HOST)";
				FRAMEWORK_SEARCH_PATHS = (
					"$(SDKROOT)/Developer/Library/Frameworks",
					"$(inherited)",
				);
				GCC_PREPROCESSOR_DEFINITIONS = (
					"DEBUG=1",
					"$(inherited)",
				);
				INFOPLIST_FILE = "Man's besr friendTests/Info.plist";
				LD_RUNPATH_SEARCH_PATHS = "$(inherited) @executable_path/Frameworks @loader_path/Frameworks";
				PRODUCT_NAME = "$(TARGET_NAME)";
				TEST_HOST = "$(BUILT_PRODUCTS_DIR)/Man's besr friend.app/Man's besr friend";
			};
			name = Debug;
		};
		CE2C60271A1CD64D00E05BDF /* Release */ = {
			isa = XCBuildConfiguration;
			buildSettings = {
				BUNDLE_LOADER = "$(TEST_HOST)";
				FRAMEWORK_SEARCH_PATHS = (
					"$(SDKROOT)/Developer/Library/Frameworks",
					"$(inherited)",
				);
				INFOPLIST_FILE = "Man's besr friendTests/Info.plist";
				LD_RUNPATH_SEARCH_PATHS = "$(inherited) @executable_path/Frameworks @loader_path/Frameworks";
				PRODUCT_NAME = "$(TARGET_NAME)";
				TEST_HOST = "$(BUILT_PRODUCTS_DIR)/Man's besr friend.app/Man's besr friend";
			};
			name = Release;
		};
/* End XCBuildConfiguration section */

/* Begin XCConfigurationList section */
		CE2C5FFA1A1CD64C00E05BDF /* Build configuration list for PBXProject "Man's besr friend" */ = {
			isa = XCConfigurationList;
			buildConfigurations = (
				CE2C60201A1CD64D00E05BDF /* Debug */,
				CE2C60211A1CD64D00E05BDF /* Release */,
			);
			defaultConfigurationIsVisible = 0;
			defaultConfigurationName = Release;
		};
		CE2C60221A1CD64D00E05BDF /* Build configuration list for PBXNativeTarget "Man's besr friend" */ = {
			isa = XCConfigurationList;
			buildConfigurations = (
				CE2C60231A1CD64D00E05BDF /* Debug */,
				CE2C60241A1CD64D00E05BDF /* Release */,
			);
			defaultConfigurationIsVisible = 0;
			defaultConfigurationName = Release;
		};
		CE2C60251A1CD64D00E05BDF /* Build configuration list for PBXNativeTarget "Man's besr friendTests" */ = {
			isa = XCConfigurationList;
			buildConfigurations = (
				CE2C60261A1CD64D00E05BDF /* Debug */,
				CE2C60271A1CD64D00E05BDF /* Release */,
			);
			defaultConfigurationIsVisible = 0;
			defaultConfigurationName = Release;
		};
/* End XCConfigurationList section */
	};
	rootObject = CE2C5FF71A1CD64C00E05BDF /* Project object */;
}
